
Microsoft Visual Studio Solution File, Format Version 12.00
# Visual Studio Version 17
VisualStudioVersion = 17.5.002.0
MinimumVisualStudioVersion = 10.0.40219.1
Project("{9A19103F-16F7-4668-BE54-9A1E7A4F7556}") = "Challenge1-Duplicates", "Challenge1-Duplicates\Challenge1-Duplicates.csproj", "{EC256712-6733-4C9E-A156-662BDF4E8AC7}"
EndProject
Project("{9A19103F-16F7-4668-BE54-9A1E7A4F7556}") = "Challenge2-CountriesByRegion", "Challenge2-CountriesByRegion\Challenge2-CountriesByRegion.csproj", "{253F682C-8D8E-4A19-BA52-26E4F20845B8}"
EndProject
Global
	GlobalSection(SolutionConfigurationPlatforms) = preSolution
		Debug|Any CPU = Debug|Any CPU
		Release|Any CPU = Release|Any CPU
	EndGlobalSection
	GlobalSection(ProjectConfigurationPlatforms) = postSolution
		{EC256712-6733-4C9E-A156-662BDF4E8AC7}.Debug|Any CPU.ActiveCfg = Debug|Any CPU
		{EC256712-6733-4C9E-A156-662BDF4E8AC7}.Debug|Any CPU.Build.0 = Debug|Any CPU
		{EC256712-6733-4C9E-A156-662BDF4E8AC7}.Release|Any CPU.ActiveCfg = Release|Any CPU
		{EC256712-6733-4C9E-A156-662BDF4E8AC7}.Release|Any CPU.Build.0 = Release|Any CPU
		{253F682C-8D8E-4A19-BA52-26E4F20845B8}.Debug|Any CPU.ActiveCfg = Debug|Any CPU
		{253F682C-8D8E-4A19-BA52-26E4F20845B8}.Debug|Any CPU.Build.0 = Debug|Any CPU
		{253F682C-8D8E-4A19-BA52-26E4F20845B8}.Release|Any CPU.ActiveCfg = Release|Any CPU
		{253F682C-8D8E-4A19-BA52-26E4F20845B8}.Release|Any CPU.Build.0 = Release|Any CPU
	EndGlobalSection
	GlobalSection(SolutionProperties) = preSolution
		HideSolutionNode = FALSE
	EndGlobalSection
	GlobalSection(ExtensibilityGlobals) = postSolution
		SolutionGuid = {5FA52879-D34D-4E31-A846-6BB2CEBD464B}
	EndGlobalSection
EndGlobal
